
Microsoft Visual Studio Solution File, Format Version 12.00
# Visual Studio 2015
Project("{FAE04EC0-301F-11D3-BF4B-00C04F79EFBC}") = "2d terrain map quads.CSharp", "2d terrain map quads.CSharp.csproj", "{520C1625-1263-1449-9D9B-B43F93A1DEF0}"
EndProject
Project("{FAE04EC0-301F-11D3-BF4B-00C04F79EFBC}") = "2d terrain map quads.CSharp.Editor", "2d terrain map quads.CSharp.Editor.csproj", "{B0A54419-16C8-6040-C8B6-C8505FC25C29}"
EndProject
Global
	GlobalSection(SolutionConfigurationPlatforms) = preSolution
		Debug|Any CPU = Debug|Any CPU
		Release|Any CPU = Release|Any CPU
	EndGlobalSection
	GlobalSection(ProjectConfigurationPlatforms) = postSolution
		{520C1625-1263-1449-9D9B-B43F93A1DEF0}.Debug|Any CPU.ActiveCfg = Debug|Any CPU
		{520C1625-1263-1449-9D9B-B43F93A1DEF0}.Debug|Any CPU.Build.0 = Debug|Any CPU
		{520C1625-1263-1449-9D9B-B43F93A1DEF0}.Release|Any CPU.ActiveCfg = Release|Any CPU
		{520C1625-1263-1449-9D9B-B43F93A1DEF0}.Release|Any CPU.Build.0 = Release|Any CPU
		{B0A54419-16C8-6040-C8B6-C8505FC25C29}.Debug|Any CPU.ActiveCfg = Debug|Any CPU
		{B0A54419-16C8-6040-C8B6-C8505FC25C29}.Debug|Any CPU.Build.0 = Debug|Any CPU
		{B0A54419-16C8-6040-C8B6-C8505FC25C29}.Release|Any CPU.ActiveCfg = Release|Any CPU
		{B0A54419-16C8-6040-C8B6-C8505FC25C29}.Release|Any CPU.Build.0 = Release|Any CPU
	EndGlobalSection
	GlobalSection(SolutionProperties) = preSolution
		HideSolutionNode = FALSE
	EndGlobalSection
EndGlobal
